{
  "name": "pvq-schema",
  "version": "0.0.7",
  "lockfileVersion": 3,
  "requires": true,
  "packages": {
    "": {
      "name": "pvq-schema",
      "version": "0.0.7",
      "dependencies": {
        "@sinclair/typebox": "^0.33.17"
      },
      "devDependencies": {
        "typescript": "^5.6.3"
      }
    },
    "node_modules/@sinclair/typebox": {
      "version": "0.33.22",
      "resolved": "https://registry.npmjs.org/@sinclair/typebox/-/typebox-0.33.22.tgz",
      "integrity": "sha512-auUj4k+f4pyrIVf4GW5UKquSZFHJWri06QgARy9C0t9ZTjJLIuNIrr1yl9bWcJWJ1Gz1vOvYN1D+QPaIlNMVkQ==",
      "license": "MIT"
    },
    "node_modules/typescript": {
      "version": "5.7.2",
      "resolved": "https://registry.npmjs.org/typescript/-/typescript-5.7.2.tgz",
      "integrity": "sha512-i5t66RHxDvVN40HfDd1PsEThGNnlMCMT3jMUuoh9/0TaqWevNontacunWyN02LA9/fIbEWlcHZcgTKb9QoaLfg==",
      "dev": true,
      "license": "Apache-2.0",
      "bin": {
        "tsc": "bin/tsc",
        "tsserver": "bin/tsserver"
      },
      "engines": {
        "node": ">=14.17"
      }
    }
  }
}
